// !$*UTF8*$!
{
	archiveVersion = 1;
	classes = {
	};
	objectVersion = 55;
	objects = {

/* Begin PBXBuildFile section */
		E506181B28EF3D1D0020C89F /* TopBar.swift in Sources */ = {isa = PBXBuildFile; fileRef = E506181A28EF3D1D0020C89F /* TopBar.swift */; };
		E506181E28EF403B0020C89F /* View+Border.swift in Sources */ = {isa = PBXBuildFile; fileRef = E506181D28EF403B0020C89F /* View+Border.swift */; };
		E545A2F228ED6C32008EB6B0 /* NetworkManager.swift in Sources */ = {isa = PBXBuildFile; fileRef = E545A2F128ED6C32008EB6B0 /* NetworkManager.swift */; };
		E552729B28F236FC006DAB63 /* Color+Random.swift in Sources */ = {isa = PBXBuildFile; fileRef = E552729A28F236FC006DAB63 /* Color+Random.swift */; };
		E581DE7428F1884D00DAC8D4 /* OfferCellViewModel.swift in Sources */ = {isa = PBXBuildFile; fileRef = E581DE7328F1884D00DAC8D4 /* OfferCellViewModel.swift */; };
		E581DE7728F18DAC00DAC8D4 /* OfferListCellViewModel+Mock.swift in Sources */ = {isa = PBXBuildFile; fileRef = E581DE7628F18DAC00DAC8D4 /* OfferListCellViewModel+Mock.swift */; };
		E5AA80FF28F1DEC000B0366F /* Modal+FullScreen.swift in Sources */ = {isa = PBXBuildFile; fileRef = E5AA80FE28F1DEC000B0366F /* Modal+FullScreen.swift */; };
		E5B0CA5528FB298800064216 /* RichText in Frameworks */ = {isa = PBXBuildFile; productRef = E5B0CA5428FB298800064216 /* RichText */; };
		E5B38C3C28F4BD0D00B77A63 /* DetailOffer.swift in Sources */ = {isa = PBXBuildFile; fileRef = E5B38C3B28F4BD0D00B77A63 /* DetailOffer.swift */; };
		E5B38C4028F4C09500B77A63 /* DetailViewModel.swift in Sources */ = {isa = PBXBuildFile; fileRef = E5B38C3F28F4C09500B77A63 /* DetailViewModel.swift */; };
		E5B38C4228F4C53100B77A63 /* DetailViewModel+Mock.swift in Sources */ = {isa = PBXBuildFile; fileRef = E5B38C4128F4C53100B77A63 /* DetailViewModel+Mock.swift */; };
		E5CCD0B828FF539B003EF53F /* OffersList.swift in Sources */ = {isa = PBXBuildFile; fileRef = E5CCD0B728FF539B003EF53F /* OffersList.swift */; };
		E5CCD0BA28FF53A7003EF53F /* OffersListCell.swift in Sources */ = {isa = PBXBuildFile; fileRef = E5CCD0B928FF53A7003EF53F /* OffersListCell.swift */; };
		E5DA282728ED676F00A17AEF /* JustJoinItApp.swift in Sources */ = {isa = PBXBuildFile; fileRef = E5DA282628ED676F00A17AEF /* JustJoinItApp.swift */; };
		E5DA282B28ED677600A17AEF /* Assets.xcassets in Resources */ = {isa = PBXBuildFile; fileRef = E5DA282A28ED677600A17AEF /* Assets.xcassets */; };
		E5DA282E28ED677600A17AEF /* Preview Assets.xcassets in Resources */ = {isa = PBXBuildFile; fileRef = E5DA282D28ED677600A17AEF /* Preview Assets.xcassets */; };
		E5DA283528ED683600A17AEF /* Offer.swift in Sources */ = {isa = PBXBuildFile; fileRef = E5DA283428ED683600A17AEF /* Offer.swift */; };
		E5E2A63328F8A13500E7A566 /* QGrid in Frameworks */ = {isa = PBXBuildFile; productRef = E5E2A63228F8A13500E7A566 /* QGrid */; };
		E5E8E9B028FDF1F300137150 /* MainScreen.swift in Sources */ = {isa = PBXBuildFile; fileRef = E5E8E9AF28FDF1F300137150 /* MainScreen.swift */; };
		E5E8E9B228FDF1FF00137150 /* SplashScreen.swift in Sources */ = {isa = PBXBuildFile; fileRef = E5E8E9B128FDF1FF00137150 /* SplashScreen.swift */; };
/* End PBXBuildFile section */

/* Begin PBXFileReference section */
		E506181A28EF3D1D0020C89F /* TopBar.swift */ = {isa = PBXFileReference; lastKnownFileType = sourcecode.swift; path = TopBar.swift; sourceTree = "<group>"; };
		E506181D28EF403B0020C89F /* View+Border.swift */ = {isa = PBXFileReference; lastKnownFileType = sourcecode.swift; path = "View+Border.swift"; sourceTree = "<group>"; };
		E545A2F128ED6C32008EB6B0 /* NetworkManager.swift */ = {isa = PBXFileReference; fileEncoding = 4; lastKnownFileType = sourcecode.swift; path = NetworkManager.swift; sourceTree = "<group>"; };
		E552729A28F236FC006DAB63 /* Color+Random.swift */ = {isa = PBXFileReference; lastKnownFileType = sourcecode.swift; path = "Color+Random.swift"; sourceTree = "<group>"; };
		E581DE7328F1884D00DAC8D4 /* OfferCellViewModel.swift */ = {isa = PBXFileReference; lastKnownFileType = sourcecode.swift; path = OfferCellViewModel.swift; sourceTree = "<group>"; };
		E581DE7628F18DAC00DAC8D4 /* OfferListCellViewModel+Mock.swift */ = {isa = PBXFileReference; lastKnownFileType = sourcecode.swift; path = "OfferListCellViewModel+Mock.swift"; sourceTree = "<group>"; };
		E5AA80FE28F1DEC000B0366F /* Modal+FullScreen.swift */ = {isa = PBXFileReference; lastKnownFileType = sourcecode.swift; path = "Modal+FullScreen.swift"; sourceTree = "<group>"; };
		E5B38C3B28F4BD0D00B77A63 /* DetailOffer.swift */ = {isa = PBXFileReference; lastKnownFileType = sourcecode.swift; path = DetailOffer.swift; sourceTree = "<group>"; };
		E5B38C3F28F4C09500B77A63 /* DetailViewModel.swift */ = {isa = PBXFileReference; lastKnownFileType = sourcecode.swift; path = DetailViewModel.swift; sourceTree = "<group>"; };
		E5B38C4128F4C53100B77A63 /* DetailViewModel+Mock.swift */ = {isa = PBXFileReference; lastKnownFileType = sourcecode.swift; path = "DetailViewModel+Mock.swift"; sourceTree = "<group>"; };
		E5CCD0B728FF539B003EF53F /* OffersList.swift */ = {isa = PBXFileReference; lastKnownFileType = sourcecode.swift; path = OffersList.swift; sourceTree = "<group>"; };
		E5CCD0B928FF53A7003EF53F /* OffersListCell.swift */ = {isa = PBXFileReference; lastKnownFileType = sourcecode.swift; path = OffersListCell.swift; sourceTree = "<group>"; };
		E5DA282328ED676F00A17AEF /* JustJoinIt.app */ = {isa = PBXFileReference; explicitFileType = wrapper.application; includeInIndex = 0; path = JustJoinIt.app; sourceTree = BUILT_PRODUCTS_DIR; };
		E5DA282628ED676F00A17AEF /* JustJoinItApp.swift */ = {isa = PBXFileReference; lastKnownFileType = sourcecode.swift; path = JustJoinItApp.swift; sourceTree = "<group>"; };
		E5DA282A28ED677600A17AEF /* Assets.xcassets */ = {isa = PBXFileReference; lastKnownFileType = folder.assetcatalog; path = Assets.xcassets; sourceTree = "<group>"; };
		E5DA282D28ED677600A17AEF /* Preview Assets.xcassets */ = {isa = PBXFileReference; lastKnownFileType = folder.assetcatalog; path = "Preview Assets.xcassets"; sourceTree = "<group>"; };
		E5DA283428ED683600A17AEF /* Offer.swift */ = {isa = PBXFileReference; lastKnownFileType = sourcecode.swift; path = Offer.swift; sourceTree = "<group>"; };
		E5E8E9AF28FDF1F300137150 /* MainScreen.swift */ = {isa = PBXFileReference; lastKnownFileType = sourcecode.swift; path = MainScreen.swift; sourceTree = "<group>"; };
		E5E8E9B128FDF1FF00137150 /* SplashScreen.swift */ = {isa = PBXFileReference; lastKnownFileType = sourcecode.swift; path = SplashScreen.swift; sourceTree = "<group>"; };
/* End PBXFileReference section */

/* Begin PBXFrameworksBuildPhase section */
		E5DA282028ED676F00A17AEF /* Frameworks */ = {
			isa = PBXFrameworksBuildPhase;
			buildActionMask = 2147483647;
			files = (
				E5E2A63328F8A13500E7A566 /* QGrid in Frameworks */,
				E5B0CA5528FB298800064216 /* RichText in Frameworks */,
			);
			runOnlyForDeploymentPostprocessing = 0;
		};
/* End PBXFrameworksBuildPhase section */

/* Begin PBXGroup section */
		E506181728EF3CE80020C89F /* TopBar */ = {
			isa = PBXGroup;
			children = (
				E506181A28EF3D1D0020C89F /* TopBar.swift */,
			);
			path = TopBar;
			sourceTree = "<group>";
		};
		E506181C28EF40280020C89F /* Extensions */ = {
			isa = PBXGroup;
			children = (
				E506181D28EF403B0020C89F /* View+Border.swift */,
				E5AA80FE28F1DEC000B0366F /* Modal+FullScreen.swift */,
				E552729A28F236FC006DAB63 /* Color+Random.swift */,
			);
			path = Extensions;
			sourceTree = "<group>";
		};
		E581DE7528F18D8F00DAC8D4 /* Mocks */ = {
			isa = PBXGroup;
			children = (
				E581DE7628F18DAC00DAC8D4 /* OfferListCellViewModel+Mock.swift */,
				E5B38C4128F4C53100B77A63 /* DetailViewModel+Mock.swift */,
			);
			path = Mocks;
			sourceTree = "<group>";
		};
		E5B38C3D28F4C06B00B77A63 /* ViewModel */ = {
			isa = PBXGroup;
			children = (
				E581DE7328F1884D00DAC8D4 /* OfferCellViewModel.swift */,
				E5B38C3F28F4C09500B77A63 /* DetailViewModel.swift */,
				E581DE7528F18D8F00DAC8D4 /* Mocks */,
			);
			path = ViewModel;
			sourceTree = "<group>";
		};
		E5CCD0B628FF5384003EF53F /* OffersList */ = {
			isa = PBXGroup;
			children = (
				E5CCD0B728FF539B003EF53F /* OffersList.swift */,
				E5CCD0B928FF53A7003EF53F /* OffersListCell.swift */,
			);
			path = OffersList;
			sourceTree = "<group>";
		};
		E5DA281A28ED676F00A17AEF = {
			isa = PBXGroup;
			children = (
				E5DA282528ED676F00A17AEF /* JustJoinIt */,
				E5DA282428ED676F00A17AEF /* Products */,
			);
			sourceTree = "<group>";
		};
		E5DA282428ED676F00A17AEF /* Products */ = {
			isa = PBXGroup;
			children = (
				E5DA282328ED676F00A17AEF /* JustJoinIt.app */,
			);
			name = Products;
			sourceTree = "<group>";
		};
		E5DA282528ED676F00A17AEF /* JustJoinIt */ = {
			isa = PBXGroup;
			children = (
				E5DA282628ED676F00A17AEF /* JustJoinItApp.swift */,
				E545A2F128ED6C32008EB6B0 /* NetworkManager.swift */,
				E5E8E9A728FDEFD200137150 /* Model */,
				E5B38C3D28F4C06B00B77A63 /* ViewModel */,
				E5E8E9A828FDEFEC00137150 /* View */,
				E506181C28EF40280020C89F /* Extensions */,
				E5DA282C28ED677600A17AEF /* Preview Content */,
				E5DA282A28ED677600A17AEF /* Assets.xcassets */,
			);
			path = JustJoinIt;
			sourceTree = "<group>";
		};
		E5DA282C28ED677600A17AEF /* Preview Content */ = {
			isa = PBXGroup;
			children = (
				E5DA282D28ED677600A17AEF /* Preview Assets.xcassets */,
			);
			path = "Preview Content";
			sourceTree = "<group>";
		};
		E5E8E9A728FDEFD200137150 /* Model */ = {
			isa = PBXGroup;
			children = (
				E5DA283428ED683600A17AEF /* Offer.swift */,
				E5B38C3B28F4BD0D00B77A63 /* DetailOffer.swift */,
			);
			path = Model;
			sourceTree = "<group>";
		};
		E5E8E9A828FDEFEC00137150 /* View */ = {
			isa = PBXGroup;
			children = (
				E5E8E9AE28FDF1C900137150 /* MainScreen */,
			);
			path = View;
			sourceTree = "<group>";
		};
		E5E8E9AE28FDF1C900137150 /* MainScreen */ = {
			isa = PBXGroup;
			children = (
				E5E8E9AF28FDF1F300137150 /* MainScreen.swift */,
				E5E8E9B128FDF1FF00137150 /* SplashScreen.swift */,
				E506181728EF3CE80020C89F /* TopBar */,
				E5CCD0B628FF5384003EF53F /* OffersList */,
			);
			path = MainScreen;
			sourceTree = "<group>";
		};
/* End PBXGroup section */

/* Begin PBXNativeTarget section */
		E5DA282228ED676F00A17AEF /* JustJoinIt */ = {
			isa = PBXNativeTarget;
			buildConfigurationList = E5DA283128ED677600A17AEF /* Build configuration list for PBXNativeTarget "JustJoinIt" */;
			buildPhases = (
				E5DA281F28ED676F00A17AEF /* Sources */,
				E5DA282028ED676F00A17AEF /* Frameworks */,
				E5DA282128ED676F00A17AEF /* Resources */,
			);
			buildRules = (
			);
			dependencies = (
			);
			name = JustJoinIt;
			packageProductDependencies = (
				E5E2A63228F8A13500E7A566 /* QGrid */,
				E5B0CA5428FB298800064216 /* RichText */,
			);
			productName = JustJoinIt;
			productReference = E5DA282328ED676F00A17AEF /* JustJoinIt.app */;
			productType = "com.apple.product-type.application";
		};
/* End PBXNativeTarget section */

/* Begin PBXProject section */
		E5DA281B28ED676F00A17AEF /* Project object */ = {
			isa = PBXProject;
			attributes = {
				BuildIndependentTargetsInParallel = 1;
				LastSwiftUpdateCheck = 1340;
				LastUpgradeCheck = 1340;
				TargetAttributes = {
					E5DA282228ED676F00A17AEF = {
						CreatedOnToolsVersion = 13.4.1;
					};
				};
			};
			buildConfigurationList = E5DA281E28ED676F00A17AEF /* Build configuration list for PBXProject "JustJoinIt" */;
			compatibilityVersion = "Xcode 13.0";
			developmentRegion = en;
			hasScannedForEncodings = 0;
			knownRegions = (
				en,
				Base,
			);
			mainGroup = E5DA281A28ED676F00A17AEF;
			packageReferences = (
				E5E2A63128F8A13500E7A566 /* XCRemoteSwiftPackageReference "QGrid" */,
				E5B0CA5328FB298800064216 /* XCRemoteSwiftPackageReference "RichText" */,
			);
			productRefGroup = E5DA282428ED676F00A17AEF /* Products */;
			projectDirPath = "";
			projectRoot = "";
			targets = (
				E5DA282228ED676F00A17AEF /* JustJoinIt */,
			);
		};
/* End PBXProject section */

/* Begin PBXResourcesBuildPhase section */
		E5DA282128ED676F00A17AEF /* Resources */ = {
			isa = PBXResourcesBuildPhase;
			buildActionMask = 2147483647;
			files = (
				E5DA282E28ED677600A17AEF /* Preview Assets.xcassets in Resources */,
				E5DA282B28ED677600A17AEF /* Assets.xcassets in Resources */,
			);
			runOnlyForDeploymentPostprocessing = 0;
		};
/* End PBXResourcesBuildPhase section */

/* Begin PBXSourcesBuildPhase section */
		E5DA281F28ED676F00A17AEF /* Sources */ = {
			isa = PBXSourcesBuildPhase;
			buildActionMask = 2147483647;
			files = (
				E5CCD0BA28FF53A7003EF53F /* OffersListCell.swift in Sources */,
				E5E8E9B228FDF1FF00137150 /* SplashScreen.swift in Sources */,
				E5B38C4028F4C09500B77A63 /* DetailViewModel.swift in Sources */,
				E552729B28F236FC006DAB63 /* Color+Random.swift in Sources */,
				E5B38C3C28F4BD0D00B77A63 /* DetailOffer.swift in Sources */,
				E5B38C4228F4C53100B77A63 /* DetailViewModel+Mock.swift in Sources */,
				E5AA80FF28F1DEC000B0366F /* Modal+FullScreen.swift in Sources */,
				E506181B28EF3D1D0020C89F /* TopBar.swift in Sources */,
				E545A2F228ED6C32008EB6B0 /* NetworkManager.swift in Sources */,
				E581DE7728F18DAC00DAC8D4 /* OfferListCellViewModel+Mock.swift in Sources */,
				E5E8E9B028FDF1F300137150 /* MainScreen.swift in Sources */,
				E5DA283528ED683600A17AEF /* Offer.swift in Sources */,
				E506181E28EF403B0020C89F /* View+Border.swift in Sources */,
				E5DA282728ED676F00A17AEF /* JustJoinItApp.swift in Sources */,
				E5CCD0B828FF539B003EF53F /* OffersList.swift in Sources */,
				E581DE7428F1884D00DAC8D4 /* OfferCellViewModel.swift in Sources */,
			);
			runOnlyForDeploymentPostprocessing = 0;
		};
/* End PBXSourcesBuildPhase section */

/* Begin XCBuildConfiguration section */
		E5DA282F28ED677600A17AEF /* Debug */ = {
			isa = XCBuildConfiguration;
			buildSettings = {
				ALWAYS_SEARCH_USER_PATHS = NO;
				CLANG_ANALYZER_NONNULL = YES;
				CLANG_ANALYZER_NUMBER_OBJECT_CONVERSION = YES_AGGRESSIVE;
				CLANG_CXX_LANGUAGE_STANDARD = "gnu++17";
				CLANG_ENABLE_MODULES = YES;
				CLANG_ENABLE_OBJC_ARC = YES;
				CLANG_ENABLE_OBJC_WEAK = YES;
				CLANG_WARN_BLOCK_CAPTURE_AUTORELEASING = YES;
				CLANG_WARN_BOOL_CONVERSION = YES;
				CLANG_WARN_COMMA = YES;
				CLANG_WARN_CONSTANT_CONVERSION = YES;
				CLANG_WARN_DEPRECATED_OBJC_IMPLEMENTATIONS = YES;
				CLANG_WARN_DIRECT_OBJC_ISA_USAGE = YES_ERROR;
				CLANG_WARN_DOCUMENTATION_COMMENTS = YES;
				CLANG_WARN_EMPTY_BODY = YES;
				CLANG_WARN_ENUM_CONVERSION = YES;
				CLANG_WARN_INFINITE_RECURSION = YES;
				CLANG_WARN_INT_CONVERSION = YES;
				CLANG_WARN_NON_LITERAL_NULL_CONVERSION = YES;
				CLANG_WARN_OBJC_IMPLICIT_RETAIN_SELF = YES;
				CLANG_WARN_OBJC_LITERAL_CONVERSION = YES;
				CLANG_WARN_OBJC_ROOT_CLASS = YES_ERROR;
				CLANG_WARN_QUOTED_INCLUDE_IN_FRAMEWORK_HEADER = YES;
				CLANG_WARN_RANGE_LOOP_ANALYSIS = YES;
				CLANG_WARN_STRICT_PROTOTYPES = YES;
				CLANG_WARN_SUSPICIOUS_MOVE = YES;
				CLANG_WARN_UNGUARDED_AVAILABILITY = YES_AGGRESSIVE;
				CLANG_WARN_UNREACHABLE_CODE = YES;
				CLANG_WARN__DUPLICATE_METHOD_MATCH = YES;
				COPY_PHASE_STRIP = NO;
				DEBUG_INFORMATION_FORMAT = dwarf;
				ENABLE_STRICT_OBJC_MSGSEND = YES;
				ENABLE_TESTABILITY = YES;
				GCC_C_LANGUAGE_STANDARD = gnu11;
				GCC_DYNAMIC_NO_PIC = NO;
				GCC_NO_COMMON_BLOCKS = YES;
				GCC_OPTIMIZATION_LEVEL = 0;
				GCC_PREPROCESSOR_DEFINITIONS = (
					"DEBUG=1",
					"$(inherited)",
				);
				GCC_WARN_64_TO_32_BIT_CONVERSION = YES;
				GCC_WARN_ABOUT_RETURN_TYPE = YES_ERROR;
				GCC_WARN_UNDECLARED_SELECTOR = YES;
				GCC_WARN_UNINITIALIZED_AUTOS = YES_AGGRESSIVE;
				GCC_WARN_UNUSED_FUNCTION = YES;
				GCC_WARN_UNUSED_VARIABLE = YES;
				IPHONEOS_DEPLOYMENT_TARGET = 15.5;
				MTL_ENABLE_DEBUG_INFO = INCLUDE_SOURCE;
				MTL_FAST_MATH = YES;
				ONLY_ACTIVE_ARCH = YES;
				SDKROOT = iphoneos;
				SWIFT_ACTIVE_COMPILATION_CONDITIONS = DEBUG;
				SWIFT_OPTIMIZATION_LEVEL = "-Onone";
			};
			name = Debug;
		};
		E5DA283028ED677600A17AEF /* Release */ = {
			isa = XCBuildConfiguration;
			buildSettings = {
				ALWAYS_SEARCH_USER_PATHS = NO;
				CLANG_ANALYZER_NONNULL = YES;
				CLANG_ANALYZER_NUMBER_OBJECT_CONVERSION = YES_AGGRESSIVE;
				CLANG_CXX_LANGUAGE_STANDARD = "gnu++17";
				CLANG_ENABLE_MODULES = YES;
				CLANG_ENABLE_OBJC_ARC = YES;
				CLANG_ENABLE_OBJC_WEAK = YES;
				CLANG_WARN_BLOCK_CAPTURE_AUTORELEASING = YES;
				CLANG_WARN_BOOL_CONVERSION = YES;
				CLANG_WARN_COMMA = YES;
				CLANG_WARN_CONSTANT_CONVERSION = YES;
				CLANG_WARN_DEPRECATED_OBJC_IMPLEMENTATIONS = YES;
				CLANG_WARN_DIRECT_OBJC_ISA_USAGE = YES_ERROR;
				CLANG_WARN_DOCUMENTATION_COMMENTS = YES;
				CLANG_WARN_EMPTY_BODY = YES;
				CLANG_WARN_ENUM_CONVERSION = YES;
				CLANG_WARN_INFINITE_RECURSION = YES;
				CLANG_WARN_INT_CONVERSION = YES;
				CLANG_WARN_NON_LITERAL_NULL_CONVERSION = YES;
				CLANG_WARN_OBJC_IMPLICIT_RETAIN_SELF = YES;
				CLANG_WARN_OBJC_LITERAL_CONVERSION = YES;
				CLANG_WARN_OBJC_ROOT_CLASS = YES_ERROR;
				CLANG_WARN_QUOTED_INCLUDE_IN_FRAMEWORK_HEADER = YES;
				CLANG_WARN_RANGE_LOOP_ANALYSIS = YES;
				CLANG_WARN_STRICT_PROTOTYPES = YES;
				CLANG_WARN_SUSPICIOUS_MOVE = YES;
				CLANG_WARN_UNGUARDED_AVAILABILITY = YES_AGGRESSIVE;
				CLANG_WARN_UNREACHABLE_CODE = YES;
				CLANG_WARN__DUPLICATE_METHOD_MATCH = YES;
				COPY_PHASE_STRIP = NO;
				DEBUG_INFORMATION_FORMAT = "dwarf-with-dsym";
				ENABLE_NS_ASSERTIONS = NO;
				ENABLE_STRICT_OBJC_MSGSEND = YES;
				GCC_C_LANGUAGE_STANDARD = gnu11;
				GCC_NO_COMMON_BLOCKS = YES;
				GCC_WARN_64_TO_32_BIT_CONVERSION = YES;
				GCC_WARN_ABOUT_RETURN_TYPE = YES_ERROR;
				GCC_WARN_UNDECLARED_SELECTOR = YES;
				GCC_WARN_UNINITIALIZED_AUTOS = YES_AGGRESSIVE;
				GCC_WARN_UNUSED_FUNCTION = YES;
				GCC_WARN_UNUSED_VARIABLE = YES;
				IPHONEOS_DEPLOYMENT_TARGET = 15.5;
				MTL_ENABLE_DEBUG_INFO = NO;
				MTL_FAST_MATH = YES;
				SDKROOT = iphoneos;
				SWIFT_COMPILATION_MODE = wholemodule;
				SWIFT_OPTIMIZATION_LEVEL = "-O";
				VALIDATE_PRODUCT = YES;
			};
			name = Release;
		};
		E5DA283228ED677600A17AEF /* Debug */ = {
			isa = XCBuildConfiguration;
			buildSettings = {
				ASSETCATALOG_COMPILER_APPICON_NAME = AppIcon;
				ASSETCATALOG_COMPILER_GLOBAL_ACCENT_COLOR_NAME = AccentColor;
				CODE_SIGN_STYLE = Automatic;
				CURRENT_PROJECT_VERSION = 1;
				DEVELOPMENT_ASSET_PATHS = "\"JustJoinIt/Preview Content\"";
				DEVELOPMENT_TEAM = 4ZCX8DFXBW;
				ENABLE_PREVIEWS = YES;
				GENERATE_INFOPLIST_FILE = YES;
				INFOPLIST_KEY_UIApplicationSceneManifest_Generation = YES;
				INFOPLIST_KEY_UIApplicationSupportsIndirectInputEvents = YES;
				INFOPLIST_KEY_UILaunchScreen_Generation = YES;
				INFOPLIST_KEY_UISupportedInterfaceOrientations_iPad = "UIInterfaceOrientationPortrait UIInterfaceOrientationPortraitUpsideDown UIInterfaceOrientationLandscapeLeft UIInterfaceOrientationLandscapeRight";
				INFOPLIST_KEY_UISupportedInterfaceOrientations_iPhone = "UIInterfaceOrientationPortrait UIInterfaceOrientationLandscapeLeft UIInterfaceOrientationLandscapeRight";
				IPHONEOS_DEPLOYMENT_TARGET = 16.0;
				LD_RUNPATH_SEARCH_PATHS = (
					"$(inherited)",
					"@executable_path/Frameworks",
				);
				MARKETING_VERSION = 1.0;
				PRODUCT_BUNDLE_IDENTIFIER = com.pawelbrzozowski.JustJoinIt;
				PRODUCT_NAME = "$(TARGET_NAME)";
				SWIFT_EMIT_LOC_STRINGS = YES;
				SWIFT_VERSION = 5.0;
				TARGETED_DEVICE_FAMILY = "1,2";
			};
			name = Debug;
		};
		E5DA283328ED677600A17AEF /* Release */ = {
			isa = XCBuildConfiguration;
			buildSettings = {
				ASSETCATALOG_COMPILER_APPICON_NAME = AppIcon;
				ASSETCATALOG_COMPILER_GLOBAL_ACCENT_COLOR_NAME = AccentColor;
				CODE_SIGN_STYLE = Automatic;
				CURRENT_PROJECT_VERSION = 1;
				DEVELOPMENT_ASSET_PATHS = "\"JustJoinIt/Preview Content\"";
				DEVELOPMENT_TEAM = 4ZCX8DFXBW;
				ENABLE_PREVIEWS = YES;
				GENERATE_INFOPLIST_FILE = YES;
				INFOPLIST_KEY_UIApplicationSceneManifest_Generation = YES;
				INFOPLIST_KEY_UIApplicationSupportsIndirectInputEvents = YES;
				INFOPLIST_KEY_UILaunchScreen_Generation = YES;
				INFOPLIST_KEY_UISupportedInterfaceOrientations_iPad = "UIInterfaceOrientationPortrait UIInterfaceOrientationPortraitUpsideDown UIInterfaceOrientationLandscapeLeft UIInterfaceOrientationLandscapeRight";
				INFOPLIST_KEY_UISupportedInterfaceOrientations_iPhone = "UIInterfaceOrientationPortrait UIInterfaceOrientationLandscapeLeft UIInterfaceOrientationLandscapeRight";
				IPHONEOS_DEPLOYMENT_TARGET = 16.0;
				LD_RUNPATH_SEARCH_PATHS = (
					"$(inherited)",
					"@executable_path/Frameworks",
				);
				MARKETING_VERSION = 1.0;
				PRODUCT_BUNDLE_IDENTIFIER = com.pawelbrzozowski.JustJoinIt;
				PRODUCT_NAME = "$(TARGET_NAME)";
				SWIFT_EMIT_LOC_STRINGS = YES;
				SWIFT_VERSION = 5.0;
				TARGETED_DEVICE_FAMILY = "1,2";
			};
			name = Release;
		};
/* End XCBuildConfiguration section */

/* Begin XCConfigurationList section */
		E5DA281E28ED676F00A17AEF /* Build configuration list for PBXProject "JustJoinIt" */ = {
			isa = XCConfigurationList;
			buildConfigurations = (
				E5DA282F28ED677600A17AEF /* Debug */,
				E5DA283028ED677600A17AEF /* Release */,
			);
			defaultConfigurationIsVisible = 0;
			defaultConfigurationName = Release;
		};
		E5DA283128ED677600A17AEF /* Build configuration list for PBXNativeTarget "JustJoinIt" */ = {
			isa = XCConfigurationList;
			buildConfigurations = (
				E5DA283228ED677600A17AEF /* Debug */,
				E5DA283328ED677600A17AEF /* Release */,
			);
			defaultConfigurationIsVisible = 0;
			defaultConfigurationName = Release;
		};
/* End XCConfigurationList section */

/* Begin XCRemoteSwiftPackageReference section */
		E5B0CA5328FB298800064216 /* XCRemoteSwiftPackageReference "RichText" */ = {
			isa = XCRemoteSwiftPackageReference;
			repositoryURL = "https://github.com/NuPlay/RichText";
			requirement = {
				kind = upToNextMajorVersion;
				minimumVersion = 2.0.0;
			};
		};
		E5E2A63128F8A13500E7A566 /* XCRemoteSwiftPackageReference "QGrid" */ = {
			isa = XCRemoteSwiftPackageReference;
			repositoryURL = "https://github.com/Q-Mobile/QGrid";
			requirement = {
				kind = upToNextMajorVersion;
				minimumVersion = 0.1.4;
			};
		};
/* End XCRemoteSwiftPackageReference section */

/* Begin XCSwiftPackageProductDependency section */
		E5B0CA5428FB298800064216 /* RichText */ = {
			isa = XCSwiftPackageProductDependency;
			package = E5B0CA5328FB298800064216 /* XCRemoteSwiftPackageReference "RichText" */;
			productName = RichText;
		};
		E5E2A63228F8A13500E7A566 /* QGrid */ = {
			isa = XCSwiftPackageProductDependency;
			package = E5E2A63128F8A13500E7A566 /* XCRemoteSwiftPackageReference "QGrid" */;
			productName = QGrid;
		};
/* End XCSwiftPackageProductDependency section */
	};
	rootObject = E5DA281B28ED676F00A17AEF /* Project object */;
}
