// !$*UTF8*$!
{
	archiveVersion = 1;
	classes = {
	};
	objectVersion = 55;
	objects = {

/* Begin PBXBuildFile section */
		E501466F29106E67003230D9 /* FilterButtons.swift in Sources */ = {isa = PBXBuildFile; fileRef = E501466E29106E67003230D9 /* FilterButtons.swift */; };
		E501467129106ECA003230D9 /* FilterTechButton.swift in Sources */ = {isa = PBXBuildFile; fileRef = E501467029106ECA003230D9 /* FilterTechButton.swift */; };
		E506181B28EF3D1D0020C89F /* TopBar.swift in Sources */ = {isa = PBXBuildFile; fileRef = E506181A28EF3D1D0020C89F /* TopBar.swift */; };
		E506181E28EF403B0020C89F /* View+Border.swift in Sources */ = {isa = PBXBuildFile; fileRef = E506181D28EF403B0020C89F /* View+Border.swift */; };
		E50A207E29183AE3003414A0 /* MoreFilters.swift in Sources */ = {isa = PBXBuildFile; fileRef = E50A207D29183AE3003414A0 /* MoreFilters.swift */; };
		E50A208129183B55003414A0 /* EmploymentEnum.swift in Sources */ = {isa = PBXBuildFile; fileRef = E50A208029183B55003414A0 /* EmploymentEnum.swift */; };
		E50A208529183DE1003414A0 /* RangeSelector.swift in Sources */ = {isa = PBXBuildFile; fileRef = E50A208429183DE1003414A0 /* RangeSelector.swift */; };
		E50A208729184910003414A0 /* EmploymentTypeButton.swift in Sources */ = {isa = PBXBuildFile; fileRef = E50A208629184910003414A0 /* EmploymentTypeButton.swift */; };
		E50A208929184BFC003414A0 /* SeniorityButtons.swift in Sources */ = {isa = PBXBuildFile; fileRef = E50A208829184BFC003414A0 /* SeniorityButtons.swift */; };
		E50A208C29184C3F003414A0 /* ButtonCell.swift in Sources */ = {isa = PBXBuildFile; fileRef = E50A208B29184C3F003414A0 /* ButtonCell.swift */; };
		E50A208E29184CFD003414A0 /* SeniorityEnum.swift in Sources */ = {isa = PBXBuildFile; fileRef = E50A208D29184CFD003414A0 /* SeniorityEnum.swift */; };
		E50A209029184DFE003414A0 /* UkraineFriendlyOffers.swift in Sources */ = {isa = PBXBuildFile; fileRef = E50A208F29184DFE003414A0 /* UkraineFriendlyOffers.swift */; };
		E50D216E290A83C400AA4EFE /* DetailOfferDescriptionView.swift in Sources */ = {isa = PBXBuildFile; fileRef = E50D216D290A83C400AA4EFE /* DetailOfferDescriptionView.swift */; };
		E50D2171290A83FB00AA4EFE /* RichText in Frameworks */ = {isa = PBXBuildFile; productRef = E50D2170290A83FB00AA4EFE /* RichText */; };
		E545A2F228ED6C32008EB6B0 /* NetworkManager.swift in Sources */ = {isa = PBXBuildFile; fileRef = E545A2F128ED6C32008EB6B0 /* NetworkManager.swift */; };
		E552729B28F236FC006DAB63 /* Color+Random.swift in Sources */ = {isa = PBXBuildFile; fileRef = E552729A28F236FC006DAB63 /* Color+Random.swift */; };
		E564CD012909D5620063FAB3 /* DetailOfferHighlights.swift in Sources */ = {isa = PBXBuildFile; fileRef = E564CD002909D5620063FAB3 /* DetailOfferHighlights.swift */; };
		E564CD042909D68F0063FAB3 /* QGrid in Frameworks */ = {isa = PBXBuildFile; productRef = E564CD032909D68F0063FAB3 /* QGrid */; };
		E564CD062909D70A0063FAB3 /* OfferHighlightComponentRow.swift in Sources */ = {isa = PBXBuildFile; fileRef = E564CD052909D70A0063FAB3 /* OfferHighlightComponentRow.swift */; };
		E564CD082909D8B10063FAB3 /* OfferHighlightSingleComponent.swift in Sources */ = {isa = PBXBuildFile; fileRef = E564CD072909D8B10063FAB3 /* OfferHighlightSingleComponent.swift */; };
		E564CD0B2909DB6A0063FAB3 /* MapView.swift in Sources */ = {isa = PBXBuildFile; fileRef = E564CD0A2909DB6A0063FAB3 /* MapView.swift */; };
		E564CD0D2909DC3F0063FAB3 /* MapViewData.swift in Sources */ = {isa = PBXBuildFile; fileRef = E564CD0C2909DC3F0063FAB3 /* MapViewData.swift */; };
		E564CD0F2909DC5A0063FAB3 /* Place.swift in Sources */ = {isa = PBXBuildFile; fileRef = E564CD0E2909DC5A0063FAB3 /* Place.swift */; };
		E564CD122909DCD30063FAB3 /* TechStack.swift in Sources */ = {isa = PBXBuildFile; fileRef = E564CD112909DCD30063FAB3 /* TechStack.swift */; };
		E564CD142909DD080063FAB3 /* TechStackCell.swift in Sources */ = {isa = PBXBuildFile; fileRef = E564CD132909DD080063FAB3 /* TechStackCell.swift */; };
		E564CD162909DEA70063FAB3 /* TechnologyDotIndicator.swift in Sources */ = {isa = PBXBuildFile; fileRef = E564CD152909DEA70063FAB3 /* TechnologyDotIndicator.swift */; };
		E564CD182909DEF50063FAB3 /* IdentifiableSkillViewModel.swift in Sources */ = {isa = PBXBuildFile; fileRef = E564CD172909DEF50063FAB3 /* IdentifiableSkillViewModel.swift */; };
		E564CD1A2909E0F30063FAB3 /* IdentifiableSkill.swift in Sources */ = {isa = PBXBuildFile; fileRef = E564CD192909E0F30063FAB3 /* IdentifiableSkill.swift */; };
		E581DE7428F1884D00DAC8D4 /* OfferCellViewModel.swift in Sources */ = {isa = PBXBuildFile; fileRef = E581DE7328F1884D00DAC8D4 /* OfferCellViewModel.swift */; };
		E581DE7728F18DAC00DAC8D4 /* OfferListCellViewModel+Mock.swift in Sources */ = {isa = PBXBuildFile; fileRef = E581DE7628F18DAC00DAC8D4 /* OfferListCellViewModel+Mock.swift */; };
		E599B7E42905CA31008870D6 /* DetailsNavigationButtons.swift in Sources */ = {isa = PBXBuildFile; fileRef = E599B7E32905CA31008870D6 /* DetailsNavigationButtons.swift */; };
		E599B7E72905CC83008870D6 /* DetailOfferSummary.swift in Sources */ = {isa = PBXBuildFile; fileRef = E599B7E62905CC83008870D6 /* DetailOfferSummary.swift */; };
		E599B7EB2905CD6E008870D6 /* DetailOfferLogo.swift in Sources */ = {isa = PBXBuildFile; fileRef = E599B7EA2905CD6E008870D6 /* DetailOfferLogo.swift */; };
		E599B7ED2905CDB8008870D6 /* DetailOfferInfo.swift in Sources */ = {isa = PBXBuildFile; fileRef = E599B7EC2905CDB8008870D6 /* DetailOfferInfo.swift */; };
		E599B7EF2905CE80008870D6 /* DetailSalaryRow.swift in Sources */ = {isa = PBXBuildFile; fileRef = E599B7EE2905CE80008870D6 /* DetailSalaryRow.swift */; };
		E5AA80FF28F1DEC000B0366F /* Modal+FullScreen.swift in Sources */ = {isa = PBXBuildFile; fileRef = E5AA80FE28F1DEC000B0366F /* Modal+FullScreen.swift */; };
		E5B38C3C28F4BD0D00B77A63 /* DetailOffer.swift in Sources */ = {isa = PBXBuildFile; fileRef = E5B38C3B28F4BD0D00B77A63 /* DetailOffer.swift */; };
		E5B38C4028F4C09500B77A63 /* DetailViewModel.swift in Sources */ = {isa = PBXBuildFile; fileRef = E5B38C3F28F4C09500B77A63 /* DetailViewModel.swift */; };
		E5B38C4228F4C53100B77A63 /* DetailViewModel+Mock.swift in Sources */ = {isa = PBXBuildFile; fileRef = E5B38C4128F4C53100B77A63 /* DetailViewModel+Mock.swift */; };
		E5C6A902292000CA0056C94C /* SalaryFilters.swift in Sources */ = {isa = PBXBuildFile; fileRef = E5C6A901292000CA0056C94C /* SalaryFilters.swift */; };
		E5C6A905292000FB0056C94C /* SalaryOfferButton.swift in Sources */ = {isa = PBXBuildFile; fileRef = E5C6A904292000FB0056C94C /* SalaryOfferButton.swift */; };
		E5C6A907292002DF0056C94C /* View+CornerRadius.swift in Sources */ = {isa = PBXBuildFile; fileRef = E5C6A906292002DF0056C94C /* View+CornerRadius.swift */; };
		E5C6A90A292003DC0056C94C /* RemoteOffersSwitch.swift in Sources */ = {isa = PBXBuildFile; fileRef = E5C6A909292003DC0056C94C /* RemoteOffersSwitch.swift */; };
		E5CCD0B828FF539B003EF53F /* OffersList.swift in Sources */ = {isa = PBXBuildFile; fileRef = E5CCD0B728FF539B003EF53F /* OffersList.swift */; };
		E5CCD0BA28FF53A7003EF53F /* OffersListCell.swift in Sources */ = {isa = PBXBuildFile; fileRef = E5CCD0B928FF53A7003EF53F /* OffersListCell.swift */; };
		E5CCD0BE28FF5A16003EF53F /* OfferInfoRightPanel.swift in Sources */ = {isa = PBXBuildFile; fileRef = E5CCD0BD28FF5A16003EF53F /* OfferInfoRightPanel.swift */; };
		E5CCD0C028FF5B0D003EF53F /* OfferInfoMainPanel.swift in Sources */ = {isa = PBXBuildFile; fileRef = E5CCD0BF28FF5B0D003EF53F /* OfferInfoMainPanel.swift */; };
		E5CCD0C428FF5BE0003EF53F /* DetailScreen.swift in Sources */ = {isa = PBXBuildFile; fileRef = E5CCD0C328FF5BE0003EF53F /* DetailScreen.swift */; };
		E5DA282728ED676F00A17AEF /* JustJoinItApp.swift in Sources */ = {isa = PBXBuildFile; fileRef = E5DA282628ED676F00A17AEF /* JustJoinItApp.swift */; };
		E5DA282B28ED677600A17AEF /* Assets.xcassets in Resources */ = {isa = PBXBuildFile; fileRef = E5DA282A28ED677600A17AEF /* Assets.xcassets */; };
		E5DA282E28ED677600A17AEF /* Preview Assets.xcassets in Resources */ = {isa = PBXBuildFile; fileRef = E5DA282D28ED677600A17AEF /* Preview Assets.xcassets */; };
		E5DA283528ED683600A17AEF /* Offer.swift in Sources */ = {isa = PBXBuildFile; fileRef = E5DA283428ED683600A17AEF /* Offer.swift */; };
		E5E8E9B028FDF1F300137150 /* MainScreen.swift in Sources */ = {isa = PBXBuildFile; fileRef = E5E8E9AF28FDF1F300137150 /* MainScreen.swift */; };
		E5E8E9B228FDF1FF00137150 /* SplashScreen.swift in Sources */ = {isa = PBXBuildFile; fileRef = E5E8E9B128FDF1FF00137150 /* SplashScreen.swift */; };
		E5F1F687291725ED00A0A07E /* TechEnum.swift in Sources */ = {isa = PBXBuildFile; fileRef = E5F1F686291725ED00A0A07E /* TechEnum.swift */; };
		E5F1F6892917260A00A0A07E /* TechType.swift in Sources */ = {isa = PBXBuildFile; fileRef = E5F1F6882917260A00A0A07E /* TechType.swift */; };
		E5F1F68F2917297C00A0A07E /* TechButtonCell.swift in Sources */ = {isa = PBXBuildFile; fileRef = E5F1F68E2917297C00A0A07E /* TechButtonCell.swift */; };
		E5F1F69229172C8500A0A07E /* SearchButton.swift in Sources */ = {isa = PBXBuildFile; fileRef = E5F1F69129172C8500A0A07E /* SearchButton.swift */; };
		E5F1F69529172D5300A0A07E /* LocationButton.swift in Sources */ = {isa = PBXBuildFile; fileRef = E5F1F69429172D5300A0A07E /* LocationButton.swift */; };
		E5F4818D290AEF0B00E90750 /* MapButton.swift in Sources */ = {isa = PBXBuildFile; fileRef = E5F4818C290AEF0B00E90750 /* MapButton.swift */; };
/* End PBXBuildFile section */

/* Begin PBXFileReference section */
		E501466E29106E67003230D9 /* FilterButtons.swift */ = {isa = PBXFileReference; lastKnownFileType = sourcecode.swift; path = FilterButtons.swift; sourceTree = "<group>"; };
		E501467029106ECA003230D9 /* FilterTechButton.swift */ = {isa = PBXFileReference; lastKnownFileType = sourcecode.swift; path = FilterTechButton.swift; sourceTree = "<group>"; };
		E506181A28EF3D1D0020C89F /* TopBar.swift */ = {isa = PBXFileReference; lastKnownFileType = sourcecode.swift; path = TopBar.swift; sourceTree = "<group>"; };
		E506181D28EF403B0020C89F /* View+Border.swift */ = {isa = PBXFileReference; lastKnownFileType = sourcecode.swift; path = "View+Border.swift"; sourceTree = "<group>"; };
		E50A207D29183AE3003414A0 /* MoreFilters.swift */ = {isa = PBXFileReference; lastKnownFileType = sourcecode.swift; path = MoreFilters.swift; sourceTree = "<group>"; };
		E50A208029183B55003414A0 /* EmploymentEnum.swift */ = {isa = PBXFileReference; lastKnownFileType = sourcecode.swift; path = EmploymentEnum.swift; sourceTree = "<group>"; };
		E50A208429183DE1003414A0 /* RangeSelector.swift */ = {isa = PBXFileReference; lastKnownFileType = sourcecode.swift; path = RangeSelector.swift; sourceTree = "<group>"; };
		E50A208629184910003414A0 /* EmploymentTypeButton.swift */ = {isa = PBXFileReference; lastKnownFileType = sourcecode.swift; path = EmploymentTypeButton.swift; sourceTree = "<group>"; };
		E50A208829184BFC003414A0 /* SeniorityButtons.swift */ = {isa = PBXFileReference; lastKnownFileType = sourcecode.swift; path = SeniorityButtons.swift; sourceTree = "<group>"; };
		E50A208B29184C3F003414A0 /* ButtonCell.swift */ = {isa = PBXFileReference; lastKnownFileType = sourcecode.swift; path = ButtonCell.swift; sourceTree = "<group>"; };
		E50A208D29184CFD003414A0 /* SeniorityEnum.swift */ = {isa = PBXFileReference; lastKnownFileType = sourcecode.swift; path = SeniorityEnum.swift; sourceTree = "<group>"; };
		E50A208F29184DFE003414A0 /* UkraineFriendlyOffers.swift */ = {isa = PBXFileReference; lastKnownFileType = sourcecode.swift; path = UkraineFriendlyOffers.swift; sourceTree = "<group>"; };
		E50D216D290A83C400AA4EFE /* DetailOfferDescriptionView.swift */ = {isa = PBXFileReference; lastKnownFileType = sourcecode.swift; path = DetailOfferDescriptionView.swift; sourceTree = "<group>"; };
		E545A2F128ED6C32008EB6B0 /* NetworkManager.swift */ = {isa = PBXFileReference; fileEncoding = 4; lastKnownFileType = sourcecode.swift; path = NetworkManager.swift; sourceTree = "<group>"; };
		E552729A28F236FC006DAB63 /* Color+Random.swift */ = {isa = PBXFileReference; lastKnownFileType = sourcecode.swift; path = "Color+Random.swift"; sourceTree = "<group>"; };
		E564CD002909D5620063FAB3 /* DetailOfferHighlights.swift */ = {isa = PBXFileReference; lastKnownFileType = sourcecode.swift; path = DetailOfferHighlights.swift; sourceTree = "<group>"; };
		E564CD052909D70A0063FAB3 /* OfferHighlightComponentRow.swift */ = {isa = PBXFileReference; lastKnownFileType = sourcecode.swift; path = OfferHighlightComponentRow.swift; sourceTree = "<group>"; };
		E564CD072909D8B10063FAB3 /* OfferHighlightSingleComponent.swift */ = {isa = PBXFileReference; lastKnownFileType = sourcecode.swift; path = OfferHighlightSingleComponent.swift; sourceTree = "<group>"; };
		E564CD0A2909DB6A0063FAB3 /* MapView.swift */ = {isa = PBXFileReference; lastKnownFileType = sourcecode.swift; path = MapView.swift; sourceTree = "<group>"; };
		E564CD0C2909DC3F0063FAB3 /* MapViewData.swift */ = {isa = PBXFileReference; lastKnownFileType = sourcecode.swift; path = MapViewData.swift; sourceTree = "<group>"; };
		E564CD0E2909DC5A0063FAB3 /* Place.swift */ = {isa = PBXFileReference; lastKnownFileType = sourcecode.swift; path = Place.swift; sourceTree = "<group>"; };
		E564CD112909DCD30063FAB3 /* TechStack.swift */ = {isa = PBXFileReference; lastKnownFileType = sourcecode.swift; path = TechStack.swift; sourceTree = "<group>"; };
		E564CD132909DD080063FAB3 /* TechStackCell.swift */ = {isa = PBXFileReference; lastKnownFileType = sourcecode.swift; path = TechStackCell.swift; sourceTree = "<group>"; };
		E564CD152909DEA70063FAB3 /* TechnologyDotIndicator.swift */ = {isa = PBXFileReference; lastKnownFileType = sourcecode.swift; path = TechnologyDotIndicator.swift; sourceTree = "<group>"; };
		E564CD172909DEF50063FAB3 /* IdentifiableSkillViewModel.swift */ = {isa = PBXFileReference; lastKnownFileType = sourcecode.swift; path = IdentifiableSkillViewModel.swift; sourceTree = "<group>"; };
		E564CD192909E0F30063FAB3 /* IdentifiableSkill.swift */ = {isa = PBXFileReference; lastKnownFileType = sourcecode.swift; path = IdentifiableSkill.swift; sourceTree = "<group>"; };
		E581DE7328F1884D00DAC8D4 /* OfferCellViewModel.swift */ = {isa = PBXFileReference; lastKnownFileType = sourcecode.swift; path = OfferCellViewModel.swift; sourceTree = "<group>"; };
		E581DE7628F18DAC00DAC8D4 /* OfferListCellViewModel+Mock.swift */ = {isa = PBXFileReference; lastKnownFileType = sourcecode.swift; path = "OfferListCellViewModel+Mock.swift"; sourceTree = "<group>"; };
		E599B7E32905CA31008870D6 /* DetailsNavigationButtons.swift */ = {isa = PBXFileReference; lastKnownFileType = sourcecode.swift; path = DetailsNavigationButtons.swift; sourceTree = "<group>"; };
		E599B7E62905CC83008870D6 /* DetailOfferSummary.swift */ = {isa = PBXFileReference; lastKnownFileType = sourcecode.swift; path = DetailOfferSummary.swift; sourceTree = "<group>"; };
		E599B7EA2905CD6E008870D6 /* DetailOfferLogo.swift */ = {isa = PBXFileReference; lastKnownFileType = sourcecode.swift; path = DetailOfferLogo.swift; sourceTree = "<group>"; };
		E599B7EC2905CDB8008870D6 /* DetailOfferInfo.swift */ = {isa = PBXFileReference; lastKnownFileType = sourcecode.swift; path = DetailOfferInfo.swift; sourceTree = "<group>"; };
		E599B7EE2905CE80008870D6 /* DetailSalaryRow.swift */ = {isa = PBXFileReference; lastKnownFileType = sourcecode.swift; path = DetailSalaryRow.swift; sourceTree = "<group>"; };
		E5AA80FE28F1DEC000B0366F /* Modal+FullScreen.swift */ = {isa = PBXFileReference; lastKnownFileType = sourcecode.swift; path = "Modal+FullScreen.swift"; sourceTree = "<group>"; };
		E5B38C3B28F4BD0D00B77A63 /* DetailOffer.swift */ = {isa = PBXFileReference; lastKnownFileType = sourcecode.swift; path = DetailOffer.swift; sourceTree = "<group>"; };
		E5B38C3F28F4C09500B77A63 /* DetailViewModel.swift */ = {isa = PBXFileReference; lastKnownFileType = sourcecode.swift; path = DetailViewModel.swift; sourceTree = "<group>"; };
		E5B38C4128F4C53100B77A63 /* DetailViewModel+Mock.swift */ = {isa = PBXFileReference; lastKnownFileType = sourcecode.swift; path = "DetailViewModel+Mock.swift"; sourceTree = "<group>"; };
		E5C6A901292000CA0056C94C /* SalaryFilters.swift */ = {isa = PBXFileReference; lastKnownFileType = sourcecode.swift; path = SalaryFilters.swift; sourceTree = "<group>"; };
		E5C6A904292000FB0056C94C /* SalaryOfferButton.swift */ = {isa = PBXFileReference; lastKnownFileType = sourcecode.swift; path = SalaryOfferButton.swift; sourceTree = "<group>"; };
		E5C6A906292002DF0056C94C /* View+CornerRadius.swift */ = {isa = PBXFileReference; lastKnownFileType = sourcecode.swift; path = "View+CornerRadius.swift"; sourceTree = "<group>"; };
		E5C6A909292003DC0056C94C /* RemoteOffersSwitch.swift */ = {isa = PBXFileReference; lastKnownFileType = sourcecode.swift; path = RemoteOffersSwitch.swift; sourceTree = "<group>"; };
		E5CCD0B728FF539B003EF53F /* OffersList.swift */ = {isa = PBXFileReference; lastKnownFileType = sourcecode.swift; path = OffersList.swift; sourceTree = "<group>"; };
		E5CCD0B928FF53A7003EF53F /* OffersListCell.swift */ = {isa = PBXFileReference; lastKnownFileType = sourcecode.swift; path = OffersListCell.swift; sourceTree = "<group>"; };
		E5CCD0BD28FF5A16003EF53F /* OfferInfoRightPanel.swift */ = {isa = PBXFileReference; lastKnownFileType = sourcecode.swift; path = OfferInfoRightPanel.swift; sourceTree = "<group>"; };
		E5CCD0BF28FF5B0D003EF53F /* OfferInfoMainPanel.swift */ = {isa = PBXFileReference; lastKnownFileType = sourcecode.swift; path = OfferInfoMainPanel.swift; sourceTree = "<group>"; };
		E5CCD0C328FF5BE0003EF53F /* DetailScreen.swift */ = {isa = PBXFileReference; lastKnownFileType = sourcecode.swift; path = DetailScreen.swift; sourceTree = "<group>"; };
		E5DA282328ED676F00A17AEF /* JustJoinIt.app */ = {isa = PBXFileReference; explicitFileType = wrapper.application; includeInIndex = 0; path = JustJoinIt.app; sourceTree = BUILT_PRODUCTS_DIR; };
		E5DA282628ED676F00A17AEF /* JustJoinItApp.swift */ = {isa = PBXFileReference; lastKnownFileType = sourcecode.swift; path = JustJoinItApp.swift; sourceTree = "<group>"; };
		E5DA282A28ED677600A17AEF /* Assets.xcassets */ = {isa = PBXFileReference; lastKnownFileType = folder.assetcatalog; path = Assets.xcassets; sourceTree = "<group>"; };
		E5DA282D28ED677600A17AEF /* Preview Assets.xcassets */ = {isa = PBXFileReference; lastKnownFileType = folder.assetcatalog; path = "Preview Assets.xcassets"; sourceTree = "<group>"; };
		E5DA283428ED683600A17AEF /* Offer.swift */ = {isa = PBXFileReference; lastKnownFileType = sourcecode.swift; path = Offer.swift; sourceTree = "<group>"; };
		E5E8E9AF28FDF1F300137150 /* MainScreen.swift */ = {isa = PBXFileReference; lastKnownFileType = sourcecode.swift; path = MainScreen.swift; sourceTree = "<group>"; };
		E5E8E9B128FDF1FF00137150 /* SplashScreen.swift */ = {isa = PBXFileReference; lastKnownFileType = sourcecode.swift; path = SplashScreen.swift; sourceTree = "<group>"; };
		E5F1F686291725ED00A0A07E /* TechEnum.swift */ = {isa = PBXFileReference; lastKnownFileType = sourcecode.swift; path = TechEnum.swift; sourceTree = "<group>"; };
		E5F1F6882917260A00A0A07E /* TechType.swift */ = {isa = PBXFileReference; lastKnownFileType = sourcecode.swift; path = TechType.swift; sourceTree = "<group>"; };
		E5F1F68E2917297C00A0A07E /* TechButtonCell.swift */ = {isa = PBXFileReference; lastKnownFileType = sourcecode.swift; path = TechButtonCell.swift; sourceTree = "<group>"; };
		E5F1F69129172C8500A0A07E /* SearchButton.swift */ = {isa = PBXFileReference; lastKnownFileType = sourcecode.swift; path = SearchButton.swift; sourceTree = "<group>"; };
		E5F1F69429172D5300A0A07E /* LocationButton.swift */ = {isa = PBXFileReference; lastKnownFileType = sourcecode.swift; path = LocationButton.swift; sourceTree = "<group>"; };
		E5F4818C290AEF0B00E90750 /* MapButton.swift */ = {isa = PBXFileReference; lastKnownFileType = sourcecode.swift; path = MapButton.swift; sourceTree = "<group>"; };
/* End PBXFileReference section */

/* Begin PBXFrameworksBuildPhase section */
		E5DA282028ED676F00A17AEF /* Frameworks */ = {
			isa = PBXFrameworksBuildPhase;
			buildActionMask = 2147483647;
			files = (
				E564CD042909D68F0063FAB3 /* QGrid in Frameworks */,
				E50D2171290A83FB00AA4EFE /* RichText in Frameworks */,
			);
			runOnlyForDeploymentPostprocessing = 0;
		};
/* End PBXFrameworksBuildPhase section */

/* Begin PBXGroup section */
		E501466D29106E43003230D9 /* FilterButtons */ = {
			isa = PBXGroup;
			children = (
				E501466E29106E67003230D9 /* FilterButtons.swift */,
				E5884BBB29130B3900E7CB0A /* TechButton */,
				E5F1F69029172C7400A0A07E /* SearchButton */,
				E5F1F69329172D3A00A0A07E /* LocationButton */,
				E50A207C29183AC8003414A0 /* MoreFiltersButton */,
			);
			path = FilterButtons;
			sourceTree = "<group>";
		};
		E506181728EF3CE80020C89F /* TopBar */ = {
			isa = PBXGroup;
			children = (
				E506181A28EF3D1D0020C89F /* TopBar.swift */,
			);
			path = TopBar;
			sourceTree = "<group>";
		};
		E506181C28EF40280020C89F /* Extensions */ = {
			isa = PBXGroup;
			children = (
				E506181D28EF403B0020C89F /* View+Border.swift */,
				E5AA80FE28F1DEC000B0366F /* Modal+FullScreen.swift */,
				E552729A28F236FC006DAB63 /* Color+Random.swift */,
				E5C6A906292002DF0056C94C /* View+CornerRadius.swift */,
			);
			path = Extensions;
			sourceTree = "<group>";
		};
		E50A207C29183AC8003414A0 /* MoreFiltersButton */ = {
			isa = PBXGroup;
			children = (
				E50A207D29183AE3003414A0 /* MoreFilters.swift */,
				E50A208A29184C05003414A0 /* MoreFiltersComponents */,
			);
			path = MoreFiltersButton;
			sourceTree = "<group>";
		};
		E50A207F29183B1D003414A0 /* Filter Models */ = {
			isa = PBXGroup;
			children = (
				E5F1F686291725ED00A0A07E /* TechEnum.swift */,
				E5F1F6882917260A00A0A07E /* TechType.swift */,
				E50A208029183B55003414A0 /* EmploymentEnum.swift */,
				E50A208D29184CFD003414A0 /* SeniorityEnum.swift */,
			);
			path = "Filter Models";
			sourceTree = "<group>";
		};
		E50A208A29184C05003414A0 /* MoreFiltersComponents */ = {
			isa = PBXGroup;
			children = (
				E50A208429183DE1003414A0 /* RangeSelector.swift */,
				E50A208629184910003414A0 /* EmploymentTypeButton.swift */,
				E50A208829184BFC003414A0 /* SeniorityButtons.swift */,
				E50A208B29184C3F003414A0 /* ButtonCell.swift */,
				E50A208F29184DFE003414A0 /* UkraineFriendlyOffers.swift */,
			);
			path = MoreFiltersComponents;
			sourceTree = "<group>";
		};
		E50D216C290A83B200AA4EFE /* DetailOfferDescriptionView */ = {
			isa = PBXGroup;
			children = (
				E50D216D290A83C400AA4EFE /* DetailOfferDescriptionView.swift */,
			);
			path = DetailOfferDescriptionView;
			sourceTree = "<group>";
		};
		E564CCFF2909D54A0063FAB3 /* DetailOfferHighlights */ = {
			isa = PBXGroup;
			children = (
				E564CD002909D5620063FAB3 /* DetailOfferHighlights.swift */,
				E564CD052909D70A0063FAB3 /* OfferHighlightComponentRow.swift */,
				E564CD072909D8B10063FAB3 /* OfferHighlightSingleComponent.swift */,
			);
			path = DetailOfferHighlights;
			sourceTree = "<group>";
		};
		E564CD092909DB330063FAB3 /* MapView */ = {
			isa = PBXGroup;
			children = (
				E564CD0A2909DB6A0063FAB3 /* MapView.swift */,
			);
			path = MapView;
			sourceTree = "<group>";
		};
		E564CD102909DCC20063FAB3 /* TechStack */ = {
			isa = PBXGroup;
			children = (
				E564CD112909DCD30063FAB3 /* TechStack.swift */,
				E564CD132909DD080063FAB3 /* TechStackCell.swift */,
				E564CD152909DEA70063FAB3 /* TechnologyDotIndicator.swift */,
			);
			path = TechStack;
			sourceTree = "<group>";
		};
		E581DE7528F18D8F00DAC8D4 /* Mocks */ = {
			isa = PBXGroup;
			children = (
				E581DE7628F18DAC00DAC8D4 /* OfferListCellViewModel+Mock.swift */,
				E5B38C4128F4C53100B77A63 /* DetailViewModel+Mock.swift */,
			);
			path = Mocks;
			sourceTree = "<group>";
		};
		E5884BBB29130B3900E7CB0A /* TechButton */ = {
			isa = PBXGroup;
			children = (
				E501467029106ECA003230D9 /* FilterTechButton.swift */,
				E5F1F68E2917297C00A0A07E /* TechButtonCell.swift */,
			);
			path = TechButton;
			sourceTree = "<group>";
		};
		E599B7E52905CBD0008870D6 /* DetailsOfferSummary */ = {
			isa = PBXGroup;
			children = (
				E599B7E62905CC83008870D6 /* DetailOfferSummary.swift */,
				E599B7E82905CC87008870D6 /* Components */,
			);
			path = DetailsOfferSummary;
			sourceTree = "<group>";
		};
		E599B7E82905CC87008870D6 /* Components */ = {
			isa = PBXGroup;
			children = (
				E599B7E32905CA31008870D6 /* DetailsNavigationButtons.swift */,
				E599B7EA2905CD6E008870D6 /* DetailOfferLogo.swift */,
				E599B7EC2905CDB8008870D6 /* DetailOfferInfo.swift */,
				E599B7EE2905CE80008870D6 /* DetailSalaryRow.swift */,
			);
			path = Components;
			sourceTree = "<group>";
		};
		E5B38C3D28F4C06B00B77A63 /* ViewModel */ = {
			isa = PBXGroup;
			children = (
				E581DE7328F1884D00DAC8D4 /* OfferCellViewModel.swift */,
				E5B38C3F28F4C09500B77A63 /* DetailViewModel.swift */,
				E564CD172909DEF50063FAB3 /* IdentifiableSkillViewModel.swift */,
				E581DE7528F18D8F00DAC8D4 /* Mocks */,
			);
			path = ViewModel;
			sourceTree = "<group>";
		};
		E5C6A9002920001B0056C94C /* SalaryFilters */ = {
			isa = PBXGroup;
			children = (
				E5C6A901292000CA0056C94C /* SalaryFilters.swift */,
				E5C6A903292000D10056C94C /* SalaryFIltersComponents */,
			);
			path = SalaryFilters;
			sourceTree = "<group>";
		};
		E5C6A903292000D10056C94C /* SalaryFIltersComponents */ = {
			isa = PBXGroup;
			children = (
				E5C6A904292000FB0056C94C /* SalaryOfferButton.swift */,
				E5C6A909292003DC0056C94C /* RemoteOffersSwitch.swift */,
			);
			path = SalaryFIltersComponents;
			sourceTree = "<group>";
		};
		E5CCD0B628FF5384003EF53F /* OffersList */ = {
			isa = PBXGroup;
			children = (
				E5CCD0B728FF539B003EF53F /* OffersList.swift */,
				E5CCD0BB28FF59EB003EF53F /* OfferListCell */,
			);
			path = OffersList;
			sourceTree = "<group>";
		};
		E5CCD0BB28FF59EB003EF53F /* OfferListCell */ = {
			isa = PBXGroup;
			children = (
				E5CCD0B928FF53A7003EF53F /* OffersListCell.swift */,
				E5CCD0C528FF5E61003EF53F /* Components */,
			);
			path = OfferListCell;
			sourceTree = "<group>";
		};
		E5CCD0C128FF5BC2003EF53F /* DetailScreen */ = {
			isa = PBXGroup;
			children = (
				E5CCD0C328FF5BE0003EF53F /* DetailScreen.swift */,
				E599B7E52905CBD0008870D6 /* DetailsOfferSummary */,
				E564CCFF2909D54A0063FAB3 /* DetailOfferHighlights */,
				E564CD092909DB330063FAB3 /* MapView */,
				E564CD102909DCC20063FAB3 /* TechStack */,
				E50D216C290A83B200AA4EFE /* DetailOfferDescriptionView */,
			);
			path = DetailScreen;
			sourceTree = "<group>";
		};
		E5CCD0C528FF5E61003EF53F /* Components */ = {
			isa = PBXGroup;
			children = (
				E5CCD0BD28FF5A16003EF53F /* OfferInfoRightPanel.swift */,
				E5CCD0BF28FF5B0D003EF53F /* OfferInfoMainPanel.swift */,
			);
			path = Components;
			sourceTree = "<group>";
		};
		E5DA281A28ED676F00A17AEF = {
			isa = PBXGroup;
			children = (
				E5DA282528ED676F00A17AEF /* JustJoinIt */,
				E5DA282428ED676F00A17AEF /* Products */,
			);
			sourceTree = "<group>";
		};
		E5DA282428ED676F00A17AEF /* Products */ = {
			isa = PBXGroup;
			children = (
				E5DA282328ED676F00A17AEF /* JustJoinIt.app */,
			);
			name = Products;
			sourceTree = "<group>";
		};
		E5DA282528ED676F00A17AEF /* JustJoinIt */ = {
			isa = PBXGroup;
			children = (
				E5DA282628ED676F00A17AEF /* JustJoinItApp.swift */,
				E545A2F128ED6C32008EB6B0 /* NetworkManager.swift */,
				E5E8E9A728FDEFD200137150 /* Model */,
				E5B38C3D28F4C06B00B77A63 /* ViewModel */,
				E5E8E9A828FDEFEC00137150 /* View */,
				E506181C28EF40280020C89F /* Extensions */,
				E5DA282C28ED677600A17AEF /* Preview Content */,
				E5DA282A28ED677600A17AEF /* Assets.xcassets */,
			);
			path = JustJoinIt;
			sourceTree = "<group>";
		};
		E5DA282C28ED677600A17AEF /* Preview Content */ = {
			isa = PBXGroup;
			children = (
				E5DA282D28ED677600A17AEF /* Preview Assets.xcassets */,
			);
			path = "Preview Content";
			sourceTree = "<group>";
		};
		E5E8E9A728FDEFD200137150 /* Model */ = {
			isa = PBXGroup;
			children = (
				E5DA283428ED683600A17AEF /* Offer.swift */,
				E5B38C3B28F4BD0D00B77A63 /* DetailOffer.swift */,
				E564CD0C2909DC3F0063FAB3 /* MapViewData.swift */,
				E564CD0E2909DC5A0063FAB3 /* Place.swift */,
				E564CD192909E0F30063FAB3 /* IdentifiableSkill.swift */,
				E50A207F29183B1D003414A0 /* Filter Models */,
			);
			path = Model;
			sourceTree = "<group>";
		};
		E5E8E9A828FDEFEC00137150 /* View */ = {
			isa = PBXGroup;
			children = (
				E5E8E9AE28FDF1C900137150 /* MainScreen */,
				E5CCD0C128FF5BC2003EF53F /* DetailScreen */,
			);
			path = View;
			sourceTree = "<group>";
		};
		E5E8E9AE28FDF1C900137150 /* MainScreen */ = {
			isa = PBXGroup;
			children = (
				E5E8E9AF28FDF1F300137150 /* MainScreen.swift */,
				E5E8E9B128FDF1FF00137150 /* SplashScreen.swift */,
				E5C6A9002920001B0056C94C /* SalaryFilters */,
				E506181728EF3CE80020C89F /* TopBar */,
				E501466D29106E43003230D9 /* FilterButtons */,
				E5CCD0B628FF5384003EF53F /* OffersList */,
				E5F4818B290AEEF600E90750 /* MapButton */,
			);
			path = MainScreen;
			sourceTree = "<group>";
		};
		E5F1F69029172C7400A0A07E /* SearchButton */ = {
			isa = PBXGroup;
			children = (
				E5F1F69129172C8500A0A07E /* SearchButton.swift */,
			);
			path = SearchButton;
			sourceTree = "<group>";
		};
		E5F1F69329172D3A00A0A07E /* LocationButton */ = {
			isa = PBXGroup;
			children = (
				E5F1F69429172D5300A0A07E /* LocationButton.swift */,
			);
			path = LocationButton;
			sourceTree = "<group>";
		};
		E5F4818B290AEEF600E90750 /* MapButton */ = {
			isa = PBXGroup;
			children = (
				E5F4818C290AEF0B00E90750 /* MapButton.swift */,
			);
			path = MapButton;
			sourceTree = "<group>";
		};
/* End PBXGroup section */

/* Begin PBXNativeTarget section */
		E5DA282228ED676F00A17AEF /* JustJoinIt */ = {
			isa = PBXNativeTarget;
			buildConfigurationList = E5DA283128ED677600A17AEF /* Build configuration list for PBXNativeTarget "JustJoinIt" */;
			buildPhases = (
				E5DA281F28ED676F00A17AEF /* Sources */,
				E5DA282028ED676F00A17AEF /* Frameworks */,
				E5DA282128ED676F00A17AEF /* Resources */,
			);
			buildRules = (
			);
			dependencies = (
			);
			name = JustJoinIt;
			packageProductDependencies = (
				E564CD032909D68F0063FAB3 /* QGrid */,
				E50D2170290A83FB00AA4EFE /* RichText */,
			);
			productName = JustJoinIt;
			productReference = E5DA282328ED676F00A17AEF /* JustJoinIt.app */;
			productType = "com.apple.product-type.application";
		};
/* End PBXNativeTarget section */

/* Begin PBXProject section */
		E5DA281B28ED676F00A17AEF /* Project object */ = {
			isa = PBXProject;
			attributes = {
				BuildIndependentTargetsInParallel = 1;
				LastSwiftUpdateCheck = 1340;
				LastUpgradeCheck = 1340;
				TargetAttributes = {
					E5DA282228ED676F00A17AEF = {
						CreatedOnToolsVersion = 13.4.1;
					};
				};
			};
			buildConfigurationList = E5DA281E28ED676F00A17AEF /* Build configuration list for PBXProject "JustJoinIt" */;
			compatibilityVersion = "Xcode 13.0";
			developmentRegion = en;
			hasScannedForEncodings = 0;
			knownRegions = (
				en,
				Base,
			);
			mainGroup = E5DA281A28ED676F00A17AEF;
			packageReferences = (
				E564CD022909D68F0063FAB3 /* XCRemoteSwiftPackageReference "QGrid" */,
				E50D216F290A83FB00AA4EFE /* XCRemoteSwiftPackageReference "RichText" */,
			);
			productRefGroup = E5DA282428ED676F00A17AEF /* Products */;
			projectDirPath = "";
			projectRoot = "";
			targets = (
				E5DA282228ED676F00A17AEF /* JustJoinIt */,
			);
		};
/* End PBXProject section */

/* Begin PBXResourcesBuildPhase section */
		E5DA282128ED676F00A17AEF /* Resources */ = {
			isa = PBXResourcesBuildPhase;
			buildActionMask = 2147483647;
			files = (
				E5DA282E28ED677600A17AEF /* Preview Assets.xcassets in Resources */,
				E5DA282B28ED677600A17AEF /* Assets.xcassets in Resources */,
			);
			runOnlyForDeploymentPostprocessing = 0;
		};
/* End PBXResourcesBuildPhase section */

/* Begin PBXSourcesBuildPhase section */
		E5DA281F28ED676F00A17AEF /* Sources */ = {
			isa = PBXSourcesBuildPhase;
			buildActionMask = 2147483647;
			files = (
				E5F1F69229172C8500A0A07E /* SearchButton.swift in Sources */,
				E5CCD0BA28FF53A7003EF53F /* OffersListCell.swift in Sources */,
				E564CD182909DEF50063FAB3 /* IdentifiableSkillViewModel.swift in Sources */,
				E5E8E9B228FDF1FF00137150 /* SplashScreen.swift in Sources */,
				E50D216E290A83C400AA4EFE /* DetailOfferDescriptionView.swift in Sources */,
				E599B7E42905CA31008870D6 /* DetailsNavigationButtons.swift in Sources */,
				E5F1F68F2917297C00A0A07E /* TechButtonCell.swift in Sources */,
				E50A209029184DFE003414A0 /* UkraineFriendlyOffers.swift in Sources */,
				E5B38C4028F4C09500B77A63 /* DetailViewModel.swift in Sources */,
				E5C6A902292000CA0056C94C /* SalaryFilters.swift in Sources */,
				E5F1F6892917260A00A0A07E /* TechType.swift in Sources */,
				E5CCD0BE28FF5A16003EF53F /* OfferInfoRightPanel.swift in Sources */,
				E552729B28F236FC006DAB63 /* Color+Random.swift in Sources */,
				E564CD082909D8B10063FAB3 /* OfferHighlightSingleComponent.swift in Sources */,
				E5C6A907292002DF0056C94C /* View+CornerRadius.swift in Sources */,
				E50A207E29183AE3003414A0 /* MoreFilters.swift in Sources */,
				E5B38C3C28F4BD0D00B77A63 /* DetailOffer.swift in Sources */,
				E564CD142909DD080063FAB3 /* TechStackCell.swift in Sources */,
				E5B38C4228F4C53100B77A63 /* DetailViewModel+Mock.swift in Sources */,
				E564CD0F2909DC5A0063FAB3 /* Place.swift in Sources */,
				E5F1F69529172D5300A0A07E /* LocationButton.swift in Sources */,
				E501466F29106E67003230D9 /* FilterButtons.swift in Sources */,
				E564CD0D2909DC3F0063FAB3 /* MapViewData.swift in Sources */,
				E5AA80FF28F1DEC000B0366F /* Modal+FullScreen.swift in Sources */,
				E506181B28EF3D1D0020C89F /* TopBar.swift in Sources */,
				E545A2F228ED6C32008EB6B0 /* NetworkManager.swift in Sources */,
				E50A208C29184C3F003414A0 /* ButtonCell.swift in Sources */,
				E564CD162909DEA70063FAB3 /* TechnologyDotIndicator.swift in Sources */,
				E599B7ED2905CDB8008870D6 /* DetailOfferInfo.swift in Sources */,
				E581DE7728F18DAC00DAC8D4 /* OfferListCellViewModel+Mock.swift in Sources */,
				E5E8E9B028FDF1F300137150 /* MainScreen.swift in Sources */,
				E50A208529183DE1003414A0 /* RangeSelector.swift in Sources */,
				E5CCD0C028FF5B0D003EF53F /* OfferInfoMainPanel.swift in Sources */,
				E50A208929184BFC003414A0 /* SeniorityButtons.swift in Sources */,
				E5DA283528ED683600A17AEF /* Offer.swift in Sources */,
				E506181E28EF403B0020C89F /* View+Border.swift in Sources */,
				E564CD012909D5620063FAB3 /* DetailOfferHighlights.swift in Sources */,
				E5C6A905292000FB0056C94C /* SalaryOfferButton.swift in Sources */,
				E5CCD0C428FF5BE0003EF53F /* DetailScreen.swift in Sources */,
				E564CD062909D70A0063FAB3 /* OfferHighlightComponentRow.swift in Sources */,
				E564CD1A2909E0F30063FAB3 /* IdentifiableSkill.swift in Sources */,
				E50A208129183B55003414A0 /* EmploymentEnum.swift in Sources */,
				E564CD0B2909DB6A0063FAB3 /* MapView.swift in Sources */,
				E599B7E72905CC83008870D6 /* DetailOfferSummary.swift in Sources */,
				E5DA282728ED676F00A17AEF /* JustJoinItApp.swift in Sources */,
				E5CCD0B828FF539B003EF53F /* OffersList.swift in Sources */,
				E5C6A90A292003DC0056C94C /* RemoteOffersSwitch.swift in Sources */,
				E599B7EB2905CD6E008870D6 /* DetailOfferLogo.swift in Sources */,
				E5F1F687291725ED00A0A07E /* TechEnum.swift in Sources */,
				E5F4818D290AEF0B00E90750 /* MapButton.swift in Sources */,
				E50A208E29184CFD003414A0 /* SeniorityEnum.swift in Sources */,
				E581DE7428F1884D00DAC8D4 /* OfferCellViewModel.swift in Sources */,
				E501467129106ECA003230D9 /* FilterTechButton.swift in Sources */,
				E50A208729184910003414A0 /* EmploymentTypeButton.swift in Sources */,
				E564CD122909DCD30063FAB3 /* TechStack.swift in Sources */,
				E599B7EF2905CE80008870D6 /* DetailSalaryRow.swift in Sources */,
			);
			runOnlyForDeploymentPostprocessing = 0;
		};
/* End PBXSourcesBuildPhase section */

/* Begin XCBuildConfiguration section */
		E5DA282F28ED677600A17AEF /* Debug */ = {
			isa = XCBuildConfiguration;
			buildSettings = {
				ALWAYS_SEARCH_USER_PATHS = NO;
				CLANG_ANALYZER_NONNULL = YES;
				CLANG_ANALYZER_NUMBER_OBJECT_CONVERSION = YES_AGGRESSIVE;
				CLANG_CXX_LANGUAGE_STANDARD = "gnu++17";
				CLANG_ENABLE_MODULES = YES;
				CLANG_ENABLE_OBJC_ARC = YES;
				CLANG_ENABLE_OBJC_WEAK = YES;
				CLANG_WARN_BLOCK_CAPTURE_AUTORELEASING = YES;
				CLANG_WARN_BOOL_CONVERSION = YES;
				CLANG_WARN_COMMA = YES;
				CLANG_WARN_CONSTANT_CONVERSION = YES;
				CLANG_WARN_DEPRECATED_OBJC_IMPLEMENTATIONS = YES;
				CLANG_WARN_DIRECT_OBJC_ISA_USAGE = YES_ERROR;
				CLANG_WARN_DOCUMENTATION_COMMENTS = YES;
				CLANG_WARN_EMPTY_BODY = YES;
				CLANG_WARN_ENUM_CONVERSION = YES;
				CLANG_WARN_INFINITE_RECURSION = YES;
				CLANG_WARN_INT_CONVERSION = YES;
				CLANG_WARN_NON_LITERAL_NULL_CONVERSION = YES;
				CLANG_WARN_OBJC_IMPLICIT_RETAIN_SELF = YES;
				CLANG_WARN_OBJC_LITERAL_CONVERSION = YES;
				CLANG_WARN_OBJC_ROOT_CLASS = YES_ERROR;
				CLANG_WARN_QUOTED_INCLUDE_IN_FRAMEWORK_HEADER = YES;
				CLANG_WARN_RANGE_LOOP_ANALYSIS = YES;
				CLANG_WARN_STRICT_PROTOTYPES = YES;
				CLANG_WARN_SUSPICIOUS_MOVE = YES;
				CLANG_WARN_UNGUARDED_AVAILABILITY = YES_AGGRESSIVE;
				CLANG_WARN_UNREACHABLE_CODE = YES;
				CLANG_WARN__DUPLICATE_METHOD_MATCH = YES;
				COPY_PHASE_STRIP = NO;
				DEBUG_INFORMATION_FORMAT = dwarf;
				ENABLE_STRICT_OBJC_MSGSEND = YES;
				ENABLE_TESTABILITY = YES;
				GCC_C_LANGUAGE_STANDARD = gnu11;
				GCC_DYNAMIC_NO_PIC = NO;
				GCC_NO_COMMON_BLOCKS = YES;
				GCC_OPTIMIZATION_LEVEL = 0;
				GCC_PREPROCESSOR_DEFINITIONS = (
					"DEBUG=1",
					"$(inherited)",
				);
				GCC_WARN_64_TO_32_BIT_CONVERSION = YES;
				GCC_WARN_ABOUT_RETURN_TYPE = YES_ERROR;
				GCC_WARN_UNDECLARED_SELECTOR = YES;
				GCC_WARN_UNINITIALIZED_AUTOS = YES_AGGRESSIVE;
				GCC_WARN_UNUSED_FUNCTION = YES;
				GCC_WARN_UNUSED_VARIABLE = YES;
				IPHONEOS_DEPLOYMENT_TARGET = 15.5;
				MTL_ENABLE_DEBUG_INFO = INCLUDE_SOURCE;
				MTL_FAST_MATH = YES;
				ONLY_ACTIVE_ARCH = YES;
				SDKROOT = iphoneos;
				SWIFT_ACTIVE_COMPILATION_CONDITIONS = DEBUG;
				SWIFT_OPTIMIZATION_LEVEL = "-Onone";
			};
			name = Debug;
		};
		E5DA283028ED677600A17AEF /* Release */ = {
			isa = XCBuildConfiguration;
			buildSettings = {
				ALWAYS_SEARCH_USER_PATHS = NO;
				CLANG_ANALYZER_NONNULL = YES;
				CLANG_ANALYZER_NUMBER_OBJECT_CONVERSION = YES_AGGRESSIVE;
				CLANG_CXX_LANGUAGE_STANDARD = "gnu++17";
				CLANG_ENABLE_MODULES = YES;
				CLANG_ENABLE_OBJC_ARC = YES;
				CLANG_ENABLE_OBJC_WEAK = YES;
				CLANG_WARN_BLOCK_CAPTURE_AUTORELEASING = YES;
				CLANG_WARN_BOOL_CONVERSION = YES;
				CLANG_WARN_COMMA = YES;
				CLANG_WARN_CONSTANT_CONVERSION = YES;
				CLANG_WARN_DEPRECATED_OBJC_IMPLEMENTATIONS = YES;
				CLANG_WARN_DIRECT_OBJC_ISA_USAGE = YES_ERROR;
				CLANG_WARN_DOCUMENTATION_COMMENTS = YES;
				CLANG_WARN_EMPTY_BODY = YES;
				CLANG_WARN_ENUM_CONVERSION = YES;
				CLANG_WARN_INFINITE_RECURSION = YES;
				CLANG_WARN_INT_CONVERSION = YES;
				CLANG_WARN_NON_LITERAL_NULL_CONVERSION = YES;
				CLANG_WARN_OBJC_IMPLICIT_RETAIN_SELF = YES;
				CLANG_WARN_OBJC_LITERAL_CONVERSION = YES;
				CLANG_WARN_OBJC_ROOT_CLASS = YES_ERROR;
				CLANG_WARN_QUOTED_INCLUDE_IN_FRAMEWORK_HEADER = YES;
				CLANG_WARN_RANGE_LOOP_ANALYSIS = YES;
				CLANG_WARN_STRICT_PROTOTYPES = YES;
				CLANG_WARN_SUSPICIOUS_MOVE = YES;
				CLANG_WARN_UNGUARDED_AVAILABILITY = YES_AGGRESSIVE;
				CLANG_WARN_UNREACHABLE_CODE = YES;
				CLANG_WARN__DUPLICATE_METHOD_MATCH = YES;
				COPY_PHASE_STRIP = NO;
				DEBUG_INFORMATION_FORMAT = "dwarf-with-dsym";
				ENABLE_NS_ASSERTIONS = NO;
				ENABLE_STRICT_OBJC_MSGSEND = YES;
				GCC_C_LANGUAGE_STANDARD = gnu11;
				GCC_NO_COMMON_BLOCKS = YES;
				GCC_WARN_64_TO_32_BIT_CONVERSION = YES;
				GCC_WARN_ABOUT_RETURN_TYPE = YES_ERROR;
				GCC_WARN_UNDECLARED_SELECTOR = YES;
				GCC_WARN_UNINITIALIZED_AUTOS = YES_AGGRESSIVE;
				GCC_WARN_UNUSED_FUNCTION = YES;
				GCC_WARN_UNUSED_VARIABLE = YES;
				IPHONEOS_DEPLOYMENT_TARGET = 15.5;
				MTL_ENABLE_DEBUG_INFO = NO;
				MTL_FAST_MATH = YES;
				SDKROOT = iphoneos;
				SWIFT_COMPILATION_MODE = wholemodule;
				SWIFT_OPTIMIZATION_LEVEL = "-O";
				VALIDATE_PRODUCT = YES;
			};
			name = Release;
		};
		E5DA283228ED677600A17AEF /* Debug */ = {
			isa = XCBuildConfiguration;
			buildSettings = {
				ASSETCATALOG_COMPILER_APPICON_NAME = AppIcon;
				ASSETCATALOG_COMPILER_GLOBAL_ACCENT_COLOR_NAME = AccentColor;
				CODE_SIGN_STYLE = Automatic;
				CURRENT_PROJECT_VERSION = 1;
				DEVELOPMENT_ASSET_PATHS = "\"JustJoinIt/Preview Content\"";
				DEVELOPMENT_TEAM = 4ZCX8DFXBW;
				ENABLE_PREVIEWS = YES;
				GENERATE_INFOPLIST_FILE = YES;
				INFOPLIST_KEY_UIApplicationSceneManifest_Generation = YES;
				INFOPLIST_KEY_UIApplicationSupportsIndirectInputEvents = YES;
				INFOPLIST_KEY_UILaunchScreen_Generation = YES;
				INFOPLIST_KEY_UISupportedInterfaceOrientations_iPad = "UIInterfaceOrientationPortrait UIInterfaceOrientationPortraitUpsideDown UIInterfaceOrientationLandscapeLeft UIInterfaceOrientationLandscapeRight";
				INFOPLIST_KEY_UISupportedInterfaceOrientations_iPhone = "UIInterfaceOrientationPortrait UIInterfaceOrientationLandscapeLeft UIInterfaceOrientationLandscapeRight";
				IPHONEOS_DEPLOYMENT_TARGET = 16.0;
				LD_RUNPATH_SEARCH_PATHS = (
					"$(inherited)",
					"@executable_path/Frameworks",
				);
				MARKETING_VERSION = 1.0;
				PRODUCT_BUNDLE_IDENTIFIER = com.pawelbrzozowski.JustJoinIt;
				PRODUCT_NAME = "$(TARGET_NAME)";
				SWIFT_EMIT_LOC_STRINGS = YES;
				SWIFT_VERSION = 5.0;
				TARGETED_DEVICE_FAMILY = "1,2";
			};
			name = Debug;
		};
		E5DA283328ED677600A17AEF /* Release */ = {
			isa = XCBuildConfiguration;
			buildSettings = {
				ASSETCATALOG_COMPILER_APPICON_NAME = AppIcon;
				ASSETCATALOG_COMPILER_GLOBAL_ACCENT_COLOR_NAME = AccentColor;
				CODE_SIGN_STYLE = Automatic;
				CURRENT_PROJECT_VERSION = 1;
				DEVELOPMENT_ASSET_PATHS = "\"JustJoinIt/Preview Content\"";
				DEVELOPMENT_TEAM = 4ZCX8DFXBW;
				ENABLE_PREVIEWS = YES;
				GENERATE_INFOPLIST_FILE = YES;
				INFOPLIST_KEY_UIApplicationSceneManifest_Generation = YES;
				INFOPLIST_KEY_UIApplicationSupportsIndirectInputEvents = YES;
				INFOPLIST_KEY_UILaunchScreen_Generation = YES;
				INFOPLIST_KEY_UISupportedInterfaceOrientations_iPad = "UIInterfaceOrientationPortrait UIInterfaceOrientationPortraitUpsideDown UIInterfaceOrientationLandscapeLeft UIInterfaceOrientationLandscapeRight";
				INFOPLIST_KEY_UISupportedInterfaceOrientations_iPhone = "UIInterfaceOrientationPortrait UIInterfaceOrientationLandscapeLeft UIInterfaceOrientationLandscapeRight";
				IPHONEOS_DEPLOYMENT_TARGET = 16.0;
				LD_RUNPATH_SEARCH_PATHS = (
					"$(inherited)",
					"@executable_path/Frameworks",
				);
				MARKETING_VERSION = 1.0;
				PRODUCT_BUNDLE_IDENTIFIER = com.pawelbrzozowski.JustJoinIt;
				PRODUCT_NAME = "$(TARGET_NAME)";
				SWIFT_EMIT_LOC_STRINGS = YES;
				SWIFT_VERSION = 5.0;
				TARGETED_DEVICE_FAMILY = "1,2";
			};
			name = Release;
		};
/* End XCBuildConfiguration section */

/* Begin XCConfigurationList section */
		E5DA281E28ED676F00A17AEF /* Build configuration list for PBXProject "JustJoinIt" */ = {
			isa = XCConfigurationList;
			buildConfigurations = (
				E5DA282F28ED677600A17AEF /* Debug */,
				E5DA283028ED677600A17AEF /* Release */,
			);
			defaultConfigurationIsVisible = 0;
			defaultConfigurationName = Release;
		};
		E5DA283128ED677600A17AEF /* Build configuration list for PBXNativeTarget "JustJoinIt" */ = {
			isa = XCConfigurationList;
			buildConfigurations = (
				E5DA283228ED677600A17AEF /* Debug */,
				E5DA283328ED677600A17AEF /* Release */,
			);
			defaultConfigurationIsVisible = 0;
			defaultConfigurationName = Release;
		};
/* End XCConfigurationList section */

/* Begin XCRemoteSwiftPackageReference section */
		E50D216F290A83FB00AA4EFE /* XCRemoteSwiftPackageReference "RichText" */ = {
			isa = XCRemoteSwiftPackageReference;
			repositoryURL = "https://github.com/NuPlay/RichText";
			requirement = {
				branch = main;
				kind = branch;
			};
		};
		E564CD022909D68F0063FAB3 /* XCRemoteSwiftPackageReference "QGrid" */ = {
			isa = XCRemoteSwiftPackageReference;
			repositoryURL = "https://github.com/Q-Mobile/QGrid";
			requirement = {
				branch = master;
				kind = branch;
			};
		};
/* End XCRemoteSwiftPackageReference section */

/* Begin XCSwiftPackageProductDependency section */
		E50D2170290A83FB00AA4EFE /* RichText */ = {
			isa = XCSwiftPackageProductDependency;
			package = E50D216F290A83FB00AA4EFE /* XCRemoteSwiftPackageReference "RichText" */;
			productName = RichText;
		};
		E564CD032909D68F0063FAB3 /* QGrid */ = {
			isa = XCSwiftPackageProductDependency;
			package = E564CD022909D68F0063FAB3 /* XCRemoteSwiftPackageReference "QGrid" */;
			productName = QGrid;
		};
/* End XCSwiftPackageProductDependency section */
	};
	rootObject = E5DA281B28ED676F00A17AEF /* Project object */;
}
